
Microsoft Visual Studio Solution File, Format Version 12.00
# Visual Studio Version 17
VisualStudioVersion = 17.2.32505.173
MinimumVisualStudioVersion = 10.0.40219.1
Project("{FAE04EC0-301F-11D3-BF4B-00C04F79EFBC}") = "ClassMethodAssign", "ClassMethodAssign\ClassMethodAssign.csproj", "{345AC10F-581B-4B21-BB93-554CF241EEFE}"
EndProject
Global
	GlobalSection(SolutionConfigurationPlatforms) = preSolution
		Debug|Any CPU = Debug|Any CPU
		Release|Any CPU = Release|Any CPU
	EndGlobalSection
	GlobalSection(ProjectConfigurationPlatforms) = postSolution
		{345AC10F-581B-4B21-BB93-554CF241EEFE}.Debug|Any CPU.ActiveCfg = Debug|Any CPU
		{345AC10F-581B-4B21-BB93-554CF241EEFE}.Debug|Any CPU.Build.0 = Debug|Any CPU
		{345AC10F-581B-4B21-BB93-554CF241EEFE}.Release|Any CPU.ActiveCfg = Release|Any CPU
		{345AC10F-581B-4B21-BB93-554CF241EEFE}.Release|Any CPU.Build.0 = Release|Any CPU
	EndGlobalSection
	GlobalSection(SolutionProperties) = preSolution
		HideSolutionNode = FALSE
	EndGlobalSection
	GlobalSection(ExtensibilityGlobals) = postSolution
		SolutionGuid = {E1F175E9-3B52-444F-A06C-FFC6C93AE788}
	EndGlobalSection
EndGlobal
