
Microsoft Visual Studio Solution File, Format Version 12.00
# Visual Studio Version 17
VisualStudioVersion = 17.2.32505.173
MinimumVisualStudioVersion = 10.0.40219.1
Project("{FAE04EC0-301F-11D3-BF4B-00C04F79EFBC}") = "Six-Part-Assignment", "Six-Part-Assignment\Six-Part-Assignment.csproj", "{2B2DFBCF-43EF-48EE-A65A-3B42B422526C}"
EndProject
Global
	GlobalSection(SolutionConfigurationPlatforms) = preSolution
		Debug|Any CPU = Debug|Any CPU
		Release|Any CPU = Release|Any CPU
	EndGlobalSection
	GlobalSection(ProjectConfigurationPlatforms) = postSolution
		{2B2DFBCF-43EF-48EE-A65A-3B42B422526C}.Debug|Any CPU.ActiveCfg = Debug|Any CPU
		{2B2DFBCF-43EF-48EE-A65A-3B42B422526C}.Debug|Any CPU.Build.0 = Debug|Any CPU
		{2B2DFBCF-43EF-48EE-A65A-3B42B422526C}.Release|Any CPU.ActiveCfg = Release|Any CPU
		{2B2DFBCF-43EF-48EE-A65A-3B42B422526C}.Release|Any CPU.Build.0 = Release|Any CPU
	EndGlobalSection
	GlobalSection(SolutionProperties) = preSolution
		HideSolutionNode = FALSE
	EndGlobalSection
	GlobalSection(ExtensibilityGlobals) = postSolution
		SolutionGuid = {61FB9C43-3666-4900-BD1F-E3D20F8843E8}
	EndGlobalSection
EndGlobal
