
Microsoft Visual Studio Solution File, Format Version 12.00
# Visual Studio Version 17
VisualStudioVersion = 17.2.32505.173
MinimumVisualStudioVersion = 10.0.40219.1
Project("{FAE04EC0-301F-11D3-BF4B-00C04F79EFBC}") = "MethodAssignment", "MethodAssignment\MethodAssignment.csproj", "{421DC28B-AC3B-4507-9C60-9FFF5345C7FB}"
EndProject
Global
	GlobalSection(SolutionConfigurationPlatforms) = preSolution
		Debug|Any CPU = Debug|Any CPU
		Release|Any CPU = Release|Any CPU
	EndGlobalSection
	GlobalSection(ProjectConfigurationPlatforms) = postSolution
		{421DC28B-AC3B-4507-9C60-9FFF5345C7FB}.Debug|Any CPU.ActiveCfg = Debug|Any CPU
		{421DC28B-AC3B-4507-9C60-9FFF5345C7FB}.Debug|Any CPU.Build.0 = Debug|Any CPU
		{421DC28B-AC3B-4507-9C60-9FFF5345C7FB}.Release|Any CPU.ActiveCfg = Release|Any CPU
		{421DC28B-AC3B-4507-9C60-9FFF5345C7FB}.Release|Any CPU.Build.0 = Release|Any CPU
	EndGlobalSection
	GlobalSection(SolutionProperties) = preSolution
		HideSolutionNode = FALSE
	EndGlobalSection
	GlobalSection(ExtensibilityGlobals) = postSolution
		SolutionGuid = {EDE50D01-D453-464D-AFB7-CDC69CC2B19C}
	EndGlobalSection
EndGlobal
