
Microsoft Visual Studio Solution File, Format Version 12.00
# Visual Studio Version 17
VisualStudioVersion = 17.2.32505.173
MinimumVisualStudioVersion = 10.0.40219.1
Project("{FAE04EC0-301F-11D3-BF4B-00C04F79EFBC}") = "Classes_MethodsAsg3", "Classes_MethodsAsg3\Classes_MethodsAsg3.csproj", "{3B95EA2F-79FF-4E59-B521-0FFF68A6021D}"
EndProject
Global
	GlobalSection(SolutionConfigurationPlatforms) = preSolution
		Debug|Any CPU = Debug|Any CPU
		Release|Any CPU = Release|Any CPU
	EndGlobalSection
	GlobalSection(ProjectConfigurationPlatforms) = postSolution
		{3B95EA2F-79FF-4E59-B521-0FFF68A6021D}.Debug|Any CPU.ActiveCfg = Debug|Any CPU
		{3B95EA2F-79FF-4E59-B521-0FFF68A6021D}.Debug|Any CPU.Build.0 = Debug|Any CPU
		{3B95EA2F-79FF-4E59-B521-0FFF68A6021D}.Release|Any CPU.ActiveCfg = Release|Any CPU
		{3B95EA2F-79FF-4E59-B521-0FFF68A6021D}.Release|Any CPU.Build.0 = Release|Any CPU
	EndGlobalSection
	GlobalSection(SolutionProperties) = preSolution
		HideSolutionNode = FALSE
	EndGlobalSection
	GlobalSection(ExtensibilityGlobals) = postSolution
		SolutionGuid = {6F1071F3-9298-4E0F-BD4D-92C39162C2AA}
	EndGlobalSection
EndGlobal
