
Microsoft Visual Studio Solution File, Format Version 12.00
# Visual Studio Version 17
VisualStudioVersion = 17.1.32414.318
MinimumVisualStudioVersion = 10.0.40219.1
Project("{FAE04EC0-301F-11D3-BF4B-00C04F79EFBC}") = "BooleanLogic", "BooleanLogic\BooleanLogic.csproj", "{50EC0B46-8576-446D-817B-C4EB93835CDC}"
EndProject
Global
	GlobalSection(SolutionConfigurationPlatforms) = preSolution
		Debug|Any CPU = Debug|Any CPU
		Release|Any CPU = Release|Any CPU
	EndGlobalSection
	GlobalSection(ProjectConfigurationPlatforms) = postSolution
		{50EC0B46-8576-446D-817B-C4EB93835CDC}.Debug|Any CPU.ActiveCfg = Debug|Any CPU
		{50EC0B46-8576-446D-817B-C4EB93835CDC}.Debug|Any CPU.Build.0 = Debug|Any CPU
		{50EC0B46-8576-446D-817B-C4EB93835CDC}.Release|Any CPU.ActiveCfg = Release|Any CPU
		{50EC0B46-8576-446D-817B-C4EB93835CDC}.Release|Any CPU.Build.0 = Release|Any CPU
	EndGlobalSection
	GlobalSection(SolutionProperties) = preSolution
		HideSolutionNode = FALSE
	EndGlobalSection
	GlobalSection(ExtensibilityGlobals) = postSolution
		SolutionGuid = {BE2D7875-141D-4A36-BCBD-A67E42198627}
	EndGlobalSection
EndGlobal
